<?xml version="1.0" encoding="utf-8"?>
<Project ToolsVersion="4.0" xmlns="http://schemas.microsoft.com/developer/msbuild/2003">
  <ItemGroup>
    <Filter Include="win32">
      <UniqueIdentifier>{84a8ebd7-7cf0-47f6-b75e-d441df67da40}</UniqueIdentifier>
    </Filter>
    <Filter Include="resource">
      <UniqueIdentifier>{715254bc-d70b-4ec5-bf29-467dd3ace079}</UniqueIdentifier>
    </Filter>
    <Filter Include="Classes">
      <UniqueIdentifier>{b31a3fe4-fc17-4933-8925-5dc519ac188e}</UniqueIdentifier>
    </Filter>
    <Filter Include="Classes\GameData">
      <UniqueIdentifier>{b947735d-5671-48b6-aaec-0299f6a4bc0f}</UniqueIdentifier>
    </Filter>
    <Filter Include="Classes\NonGameplayScenes">
      <UniqueIdentifier>{6cd5ff7b-e266-40c1-a124-14240ecd8b2a}</UniqueIdentifier>
    </Filter>
    <Filter Include="Classes\GameplayScene">
      <UniqueIdentifier>{70959454-265b-47f4-8e66-6e1e83a10943}</UniqueIdentifier>
    </Filter>
    <Filter Include="Classes\GameplayScene\Enemy">
    </Filter>
    <Filter Include="Classes\GameplayScene\Player">
    </Filter>
    <Filter Include="Classes\GameplayScene\CtrlPanel">
    </Filter>
    <Filter Include="Classes\GameplayScene\Shaders">
    </Filter>
    <Filter Include="Classes\LuaBindings">
    </Filter>
    <Filter Include="Classes\GameplayScene\Emitters">
      <UniqueIdentifier>{4e3f5bc7-5be0-4356-bdad-60d302cc49e7}</UniqueIdentifier>
    </Filter>
    <Filter Include="Classes\Layers">
      <UniqueIdentifier>{2f1e71b1-979a-4923-aa88-c6931bc59bb4}</UniqueIdentifier>
    </Filter>
    <Filter Include="Classes\external">
      <UniqueIdentifier>{44ebef1d-7ba3-4a5d-b67f-fe080383c4bf}</UniqueIdentifier>
    </Filter>
    <Filter Include="Classes\GameplayScene\Emitters\Style">
    </Filter>
  </ItemGroup>

  <!-- 每次添加新 .cpp 文件，都要在下面的 <ItemGroup> 中添加对应项 -->

  <ItemGroup>

    <!-- win32 -->

    <ClCompile Include="main.cpp">
      <Filter>win32</Filter>
    </ClCompile>

    <!-- Classes -->

    <ClCompile Include="..\Classes\AppDelegate.cpp">
      <Filter>Classes</Filter>
    </ClCompile>
    <ClCompile Include="..\Classes\JumpTableScene.cpp">
      <Filter>Classes</Filter>
    </ClCompile>
    <ClCompile Include="..\Classes\NonGameplayScenesCache.cpp">
      <Filter>Classes</Filter>
    </ClCompile>
    <ClCompile Include="..\Classes\PlaceHolder.cpp">
      <Filter>Classes</Filter>
    </ClCompile>
    <ClCompile Include="..\Classes\AudioController.cpp">
      <Filter>Classes</Filter>
    </ClCompile>

    <!-- Classes\GameData -->

    <ClCompile Include="..\Classes\GameData\GameData.cpp">
      <Filter>Classes\GameData</Filter>
    </ClCompile>

    <!-- Classes\LuaBindings -->

    <ClCompile Include="..\Classes\LuaBindings\lua_conversation_layer.cpp">
      <Filter>Classes\LuaBindings</Filter>
    </ClCompile>

    <!-- Classes\NonGameplayScenes -->

    <ClCompile Include="..\Classes\NonGameplayScenes\ArmsStoreScene.cpp">
      <Filter>Classes\NonGameplayScenes</Filter>
    </ClCompile>
    <ClCompile Include="..\Classes\NonGameplayScenes\ArmsStorePurchaseScene.cpp">
      <Filter>Classes\NonGameplayScenes</Filter>
    </ClCompile>
    <ClCompile Include="..\Classes\NonGameplayScenes\BackgroundIntroScene.cpp">
      <Filter>Classes\NonGameplayScenes</Filter>
    </ClCompile>
    <ClCompile Include="..\Classes\NonGameplayScenes\EquipScene.cpp">
      <Filter>Classes\NonGameplayScenes</Filter>
    </ClCompile>
    <ClCompile Include="..\Classes\NonGameplayScenes\HomeScene.cpp">
      <Filter>Classes\NonGameplayScenes</Filter>
    </ClCompile>
    <ClCompile Include="..\Classes\NonGameplayScenes\InventoryScene.cpp">
      <Filter>Classes\NonGameplayScenes</Filter>
    </ClCompile>
    <ClCompile Include="..\Classes\NonGameplayScenes\KnowledgeBaseScene.cpp">
      <Filter>Classes\NonGameplayScenes</Filter>
    </ClCompile>
    <ClCompile Include="..\Classes\NonGameplayScenes\KoumakanLibraryScene.cpp">
      <Filter>Classes\NonGameplayScenes</Filter>
    </ClCompile>
    <ClCompile Include="..\Classes\NonGameplayScenes\KourindouScene.cpp">
      <Filter>Classes\NonGameplayScenes</Filter>
    </ClCompile>
    <ClCompile Include="..\Classes\NonGameplayScenes\KourindouPurchaseScene.cpp">
      <Filter>Classes\NonGameplayScenes</Filter>
    </ClCompile>
    <ClCompile Include="..\Classes\NonGameplayScenes\LocationSelectScene.cpp">
      <Filter>Classes\NonGameplayScenes</Filter>
    </ClCompile>
    <ClCompile Include="..\Classes\NonGameplayScenes\LogoAndDisclaimerScene.cpp">
      <Filter>Classes\NonGameplayScenes</Filter>
    </ClCompile>
    <ClCompile Include="..\Classes\NonGameplayScenes\MainMenuScene.cpp">
      <Filter>Classes\NonGameplayScenes</Filter>
    </ClCompile>
    <ClCompile Include="..\Classes\NonGameplayScenes\RoundSelectScene.cpp">
      <Filter>Classes\NonGameplayScenes</Filter>
    </ClCompile>
    <ClCompile Include="..\Classes\NonGameplayScenes\SaveScene.cpp">
      <Filter>Classes\NonGameplayScenes</Filter>
    </ClCompile>
    <ClCompile Include="..\Classes\NonGameplayScenes\StaffScene.cpp">
      <Filter>Classes\NonGameplayScenes</Filter>
    </ClCompile>
    <ClCompile Include="..\Classes\NonGameplayScenes\ConversationIndicatorButton.cpp">
      <Filter>Classes\NonGameplayScenes</Filter>
    </ClCompile>

    <!-- Classes\Layers -->

    <ClCompile Include="..\Classes\Layers\ConversationLayer.cpp">
      <Filter>Classes\Layers</Filter>
    </ClCompile>
    <ClCompile Include="..\Classes\Layers\SettingsLayer.cpp">
      <Filter>Classes\Layers</Filter>
    </ClCompile>
    <ClCompile Include="..\Classes\Layers\LoadingLayer.cpp">
      <Filter>Classes\Layers</Filter>
    </ClCompile>
    <ClCompile Include="..\Classes\Layers\ConfirmButton.cpp">
      <Filter>Classes\Layers</Filter>
    </ClCompile>

    <!-- Classes\GameplayScene -->

    <ClCompile Include="..\Classes\GameplayScene\EventFilterManager.cpp">
      <Filter>Classes\GameplayScene</Filter>
    </ClCompile>
    <ClCompile Include="..\Classes\GameplayScene\GameplayScene.cpp">
      <Filter>Classes\GameplayScene</Filter>
    </ClCompile>
    <ClCompile Include="..\Classes\GameplayScene\Elevator.cpp">
      <Filter>Classes\GameplayScene</Filter>
    </ClCompile>
    <ClCompile Include="..\Classes\GameplayScene\EventScriptHanding.cpp">
      <Filter>Classes\GameplayScene</Filter>
    </ClCompile>

    <!-- Classes\GameplayScene\Player -->
    <ClCompile Include="..\Classes\GameplayScene\Player\Player.cpp">
      <Filter>Classes\GameplayScene\Player</Filter>
    </ClCompile>
    <ClCompile Include="..\Classes\GameplayScene\Player\Reimu.cpp">
      <Filter>Classes\GameplayScene\Player</Filter>
    </ClCompile>
    <ClCompile Include="..\Classes\GameplayScene\Player\Marisa.cpp">
      <Filter>Classes\GameplayScene\Player</Filter>
    </ClCompile>
    <ClCompile Include="..\Classes\GameplayScene\Player\Alice.cpp">
      <Filter>Classes\GameplayScene\Player</Filter>
    </ClCompile>

    <!-- Classes\GameplayScene\Enemy -->
    <ClCompile Include="..\Classes\GameplayScene\Enemy\Enemy.cpp">
      <Filter>Classes\GameplayScene\Enemy</Filter>
    </ClCompile>
    <ClCompile Include="..\Classes\GameplayScene\Enemy\Frog.cpp">
      <Filter>Classes\GameplayScene\Enemy</Filter>
    </ClCompile>
    <ClCompile Include="..\Classes\GameplayScene\Enemy\Opossum.cpp">
      <Filter>Classes\GameplayScene\Enemy</Filter>
    </ClCompile>
    <ClCompile Include="..\Classes\GameplayScene\Enemy\Sakuya.cpp">
      <Filter>Classes\GameplayScene\Enemy</Filter>
    </ClCompile>

    <!-- Classes\GameplayScene\CtrlPanel -->

    <ClCompile Include="..\Classes\GameplayScene\CtrlPanel\CtrlPanelLayer.cpp">
      <Filter>Classes\GameplayScene\CtrlPanel</Filter>
    </ClCompile>
    <ClCompile Include="..\Classes\GameplayScene\CtrlPanel\CoolDownButton.cpp">
      <Filter>Classes\GameplayScene\CtrlPanel</Filter>
    </ClCompile>
    <ClCompile Include="..\Classes\GameplayScene\CtrlPanel\ItemButton.cpp">
      <Filter>Classes\GameplayScene\CtrlPanel</Filter>
    </ClCompile>
    <ClCompile Include="..\Classes\GameplayScene\CtrlPanel\SpellCardButton.cpp">
      <Filter>Classes\GameplayScene\CtrlPanel</Filter>
    </ClCompile>
    <ClCompile Include="..\Classes\GameplayScene\CtrlPanel\HpManaBar.cpp">
      <Filter>Classes\GameplayScene\CtrlPanel</Filter>
    </ClCompile>
    <ClCompile Include="..\Classes\GameplayScene\CtrlPanel\BossHpBar.cpp">
      <Filter>Classes\GameplayScene\CtrlPanel</Filter>
    </ClCompile>

    <!-- Classes\GameplayScene\Emitters -->

    <ClCompile Include="..\Classes\GameplayScene\Emitters\Bullet.cpp">
      <Filter>Classes\GameplayScene\Emitters</Filter>
    </ClCompile>
    <ClCompile Include="..\Classes\GameplayScene\Emitters\Emitter.cpp">
      <Filter>Classes\GameplayScene\Emitters</Filter>
    </ClCompile>
    <ClCompile Include="..\Classes\GameplayScene\Emitters\Style\Laser.cpp">
      <Filter>Classes\GameplayScene\Emitters\Style</Filter>
    </ClCompile>
    <ClCompile Include="..\Classes\GameplayScene\Emitters\Style\OddEven.cpp">
      <Filter>Classes\GameplayScene\Emitters\Style</Filter>
    </ClCompile>
  	<ClCompile Include="..\Classes\GameplayScene\Emitters\Style\Parabola.cpp">
      <Filter>Classes\GameplayScene\Emitters\Style</Filter>
    </ClCompile>
    <ClCompile Include="..\Classes\GameplayScene\Emitters\Style\Parallel.cpp">
      <Filter>Classes\GameplayScene\Emitters\Style</Filter>
    </ClCompile>
    <ClCompile Include="..\Classes\GameplayScene\Emitters\Style\Scatter.cpp">
      <Filter>Classes\GameplayScene\Emitters\Style</Filter>
    </ClCompile>

    <!-- Classes\GameplayScene\Shaders -->
    <ClCompile Include="..\Classes\GameplayScene\Shaders\BlendAction.cpp">
      <Filter>Classes\GameplayScene\Shaders</Filter>
    </ClCompile>

  </ItemGroup>

  <!-- 每次添加新 .h 文件，都要在下面的 <ItemGroup> 中添加对应项 -->

  <ItemGroup>

    <!-- win32 -->

    <ClInclude Include="main.h">
      <Filter>win32</Filter>
    </ClInclude>

    <!-- Classes -->

    <ClInclude Include="..\Classes\AppDelegate.h">
      <Filter>Classes</Filter>
    </ClInclude>
    <ClInclude Include="..\Classes\JumpTableScene.h">
      <Filter>Classes</Filter>
    </ClInclude>
    <ClInclude Include="..\Classes\NonGameplayScenesCache.h">
      <Filter>Classes</Filter>
    </ClInclude>
    <ClInclude Include="..\Classes\PlaceHolder.h">
      <Filter>Classes</Filter>
    </ClInclude>
    <ClInclude Include="..\Classes\AudioController.h">
      <Filter>Classes</Filter>
    </ClInclude>

    <!-- Classes\GameData -->

    <ClInclude Include="..\Classes\GameData\GameData.h">
      <Filter>Classes\GameData</Filter>
    </ClInclude>
    <ClInclude Include="..\Classes\GameData\Character.h">
      <Filter>Classes\GameData</Filter>
    </ClInclude>
    <ClInclude Include="..\Classes\GameData\Conversation.h">
      <Filter>Classes\GameData</Filter>
    </ClInclude>
    <ClInclude Include="..\Classes\GameData\Item.h">
      <Filter>Classes\GameData</Filter>
    </ClInclude>
    <ClInclude Include="..\Classes\GameData\Location.h">
      <Filter>Classes\GameData</Filter>
    </ClInclude>
    <ClInclude Include="..\Classes\GameData\Round.h">
      <Filter>Classes\GameData</Filter>
    </ClInclude>
    <ClInclude Include="..\Classes\GameData\Save.h">
      <Filter>Classes\GameData</Filter>
    </ClInclude>
    <ClInclude Include="..\Classes\GameData\SpellCard.h">
      <Filter>Classes\GameData</Filter>
    </ClInclude>
    <ClInclude Include="..\Classes\GameData\EnemyData.h">
      <Filter>Classes\GameData</Filter>
    </ClInclude>
    <ClInclude Include="..\Classes\GameData\EventData.h">
      <Filter>Classes\GameData</Filter>
    </ClInclude>

    <!-- Classes\LuaBindings -->
    <ClInclude Include="..\Classes\LuaBindings\lua_conversation_layer.hpp">
      <Filter>Classes\LuaBindings</Filter>
    </ClInclude>

    <!-- Classes\NonGameplayScenes -->

    <ClInclude Include="..\Classes\NonGameplayScenes\ArmsStoreScene.h">
      <Filter>Classes\NonGameplayScenes</Filter>
    </ClInclude>
    <ClInclude Include="..\Classes\NonGameplayScenes\ArmsStorePurchaseScene.h">
      <Filter>Classes\NonGameplayScenes</Filter>
    </ClInclude>
    <ClInclude Include="..\Classes\NonGameplayScenes\BackgroundIntroScene.h">
      <Filter>Classes\NonGameplayScenes</Filter>
    </ClInclude>
    <ClInclude Include="..\Classes\NonGameplayScenes\EquipScene.h">
      <Filter>Classes\NonGameplayScenes</Filter>
    </ClInclude>
    <ClInclude Include="..\Classes\NonGameplayScenes\HomeScene.h">
      <Filter>Classes\NonGameplayScenes</Filter>
    </ClInclude>
    <ClInclude Include="..\Classes\NonGameplayScenes\InventoryScene.h">
      <Filter>Classes\NonGameplayScenes</Filter>
    </ClInclude>
    <ClInclude Include="..\Classes\NonGameplayScenes\KnowledgeBaseScene.h">
      <Filter>Classes\NonGameplayScenes</Filter>
    </ClInclude>
    <ClInclude Include="..\Classes\NonGameplayScenes\KoumakanLibraryScene.h">
      <Filter>Classes\NonGameplayScenes</Filter>
    </ClInclude>
    <ClInclude Include="..\Classes\NonGameplayScenes\KourindouScene.h">
      <Filter>Classes\NonGameplayScenes</Filter>
    </ClInclude>
    <ClInclude Include="..\Classes\NonGameplayScenes\KourindouPurchaseScene.h">
      <Filter>Classes\NonGameplayScenes</Filter>
    </ClInclude>
    <ClInclude Include="..\Classes\NonGameplayScenes\LocationSelectScene.h">
      <Filter>Classes\NonGameplayScenes</Filter>
    </ClInclude>
    <ClInclude Include="..\Classes\NonGameplayScenes\LogoAndDisclaimerScene.h">
      <Filter>Classes\NonGameplayScenes</Filter>
    </ClInclude>
    <ClInclude Include="..\Classes\NonGameplayScenes\MainMenuScene.h">
      <Filter>Classes\NonGameplayScenes</Filter>
    </ClInclude>
    <ClInclude Include="..\Classes\NonGameplayScenes\RoundSelectScene.h">
      <Filter>Classes\NonGameplayScenes</Filter>
    </ClInclude>
    <ClInclude Include="..\Classes\NonGameplayScenes\SaveScene.h">
      <Filter>Classes\NonGameplayScenes</Filter>
    </ClInclude>
    <ClInclude Include="..\Classes\NonGameplayScenes\StaffScene.h">
      <Filter>Classes\NonGameplayScenes</Filter>
    </ClInclude>
    <ClInclude Include="..\Classes\NonGameplayScenes\ConversationIndicatorButton.h">
      <Filter>Classes\NonGameplayScenes</Filter>
    </ClInclude>

    <!-- Classes\Layers -->

    <ClInclude Include="..\Classes\Layers\ConversationLayer.h">
      <Filter>Classes\Layers</Filter>
    </ClInclude>
    <ClInclude Include="..\Classes\Layers\SettingsLayer.h">
      <Filter>Classes\Layers</Filter>
    </ClInclude>
    <ClInclude Include="..\Classes\Layers\LoadingLayer.h">
      <Filter>Classes\Layers</Filter>
    </ClInclude>
    <ClInclude Include="..\Classes\Layers\ConfirmButton.h">
      <Filter>Classes\Layers</Filter>
    </ClInclude>

    <!-- Classes\GameplayScene -->

    <ClInclude Include="..\Classes\GameplayScene\common.h">
      <Filter>Classes\GameplayScene</Filter>
    </ClInclude>
    <ClInclude Include="..\Classes\GameplayScene\EventFilterManager.h">
      <Filter>Classes\GameplayScene</Filter>
    </ClInclude>
    <ClInclude Include="..\Classes\GameplayScene\EventFilterManager.inc">
      <Filter>Classes\GameplayScene</Filter>
    </ClInclude>
    <ClInclude Include="..\Classes\GameplayScene\GameplayScene.h">
      <Filter>Classes\GameplayScene</Filter>
    </ClInclude>
    <ClInclude Include="..\Classes\GameplayScene\Elevator.h">
      <Filter>Classes\GameplayScene</Filter>
    </ClInclude>
    <ClInclude Include="..\Classes\GameplayScene\State.h">
      <Filter>Classes\GameplayScene</Filter>
    </ClInclude>
    <ClInclude Include="..\Classes\GameplayScene\EventScriptHanding.h">
      <Filter>Classes\GameplayScene</Filter>
    </ClInclude>

    <!-- Classes\GameplayScene\Player -->
    <ClInclude Include="..\Classes\GameplayScene\Player\Player.h">
      <Filter>Classes\GameplayScene\Player</Filter>
    </ClInclude>
    <ClInclude Include="..\Classes\GameplayScene\Player\Reimu.h">
      <Filter>Classes\GameplayScene\Player</Filter>
    </ClInclude>
    <ClInclude Include="..\Classes\GameplayScene\Player\Marisa.h">
      <Filter>Classes\GameplayScene\Player</Filter>
    </ClInclude>
    <ClInclude Include="..\Classes\GameplayScene\Player\Alice.h">
      <Filter>Classes\GameplayScene\Player</Filter>
    </ClInclude>

    <!-- Classes\GameplayScene\Enemy -->
    <ClInclude Include="..\Classes\GameplayScene\Enemy\Enemy.h">
      <Filter>Classes\GameplayScene\Enemy</Filter>
    </ClInclude>
    <ClInclude Include="..\Classes\GameplayScene\Enemy\Frog.h">
      <Filter>Classes\GameplayScene\Enemy</Filter>
    </ClInclude>
    <ClInclude Include="..\Classes\GameplayScene\Enemy\Opossum.h">
      <Filter>Classes\GameplayScene\Enemy</Filter>
    </ClInclude>
    <ClInclude Include="..\Classes\GameplayScene\Enemy\Sakuya.h">
      <Filter>Classes\GameplayScene\Enemy</Filter>
    </ClInclude>

    <!-- Classes\GameplayScene\CtrlPanel -->

    <ClInclude Include="..\Classes\GameplayScene\CtrlPanel\CtrlPanelLayer.h">
      <Filter>Classes\GameplayScene\CtrlPanel</Filter>
    </ClInclude>
    <ClInclude Include="..\Classes\GameplayScene\CtrlPanel\CoolDownButton.h">
      <Filter>Classes\GameplayScene\CtrlPanel</Filter>
    </ClInclude>
    <ClInclude Include="..\Classes\GameplayScene\CtrlPanel\ItemButton.h">
      <Filter>Classes\GameplayScene\CtrlPanel</Filter>
    </ClInclude>
    <ClInclude Include="..\Classes\GameplayScene\CtrlPanel\SpellCardButton.h">
      <Filter>Classes\GameplayScene\CtrlPanel</Filter>
    </ClInclude>
    <ClInclude Include="..\Classes\GameplayScene\CtrlPanel\HpManaBar.h">
      <Filter>Classes\GameplayScene\CtrlPanel</Filter>
    </ClInclude>
    <ClInclude Include="..\Classes\GameplayScene\CtrlPanel\BossHpBar.h">
      <Filter>Classes\GameplayScene\CtrlPanel</Filter>
    </ClInclude>

    <!-- Classes\GameplayScene\Emitters -->

    <ClInclude Include="..\Classes\GameplayScene\Emitters\Bullet.h">
      <Filter>Classes\GameplayScene\Emitters</Filter>
    </ClInclude>
    <ClInclude Include="..\Classes\GameplayScene\Emitters\Emitter.h">
      <Filter>Classes\GameplayScene\Emitters</Filter>
    </ClInclude>
    <ClInclude Include="..\Classes\GameplayScene\Emitters\StyleConfig.h">
      <Filter>Classes\GameplayScene\Emitters</Filter>
    </ClInclude>
    <ClInclude Include="..\Classes\GameplayScene\Emitters\Style\EmitterStyle.h">
      <Filter>Classes\GameplayScene\Emitters\Style</Filter>
    </ClInclude>
    <ClInclude Include="..\Classes\GameplayScene\Emitters\Style\Laser.h">
      <Filter>Classes\GameplayScene\Emitters\Style</Filter>
    </ClInclude>
	  <ClInclude Include="..\Classes\GameplayScene\Emitters\Style\OddEven.h">
      <Filter>Classes\GameplayScene\Emitters\Style</Filter>
    </ClInclude>
    <ClInclude Include="..\Classes\GameplayScene\Emitters\Style\Scatter.h">
      <Filter>Classes\GameplayScene\Emitters\Style</Filter>
    </ClInclude>
    <ClInclude Include="..\Classes\GameplayScene\Emitters\Style\Parabola.h">
      <Filter>Classes\GameplayScene\Emitters\Style</Filter>
    </ClInclude>
    <ClInclude Include="..\Classes\GameplayScene\Emitters\Style\Parallel.h">
      <Filter>Classes\GameplayScene\Emitters\Style</Filter>
    </ClInclude>

    <!-- Classes\GameplayScene\Shaders -->
    <ClInclude Include="..\Classes\GameplayScene\Shaders\BlendAction.h">
      <Filter>Classes\GameplayScene\Shaders</Filter>
    </ClInclude>

    <!-- external -->

    <ClInclude Include="..\Classes\external\json.h">
      <Filter>Classes\external</Filter>
    </ClInclude>

  </ItemGroup>
  <ItemGroup>
    <ResourceCompile Include="game.rc">
      <Filter>resource</Filter>
    </ResourceCompile>
  </ItemGroup>
</Project>
